
Microsoft Visual Studio Solution File, Format Version 12.00
# Visual Studio Version 17
VisualStudioVersion = 17.5.2.0
MinimumVisualStudioVersion = 10.0.40219.1
Project("{FAE04EC0-301F-11D3-BF4B-00C04F79EFBC}") = "TaskTrackerAPI", "TaskTrackerAPI\TaskTrackerAPI.csproj", "{7661C022-221A-6E50-E4AA-77E4BE66652F}"
EndProject
Project("{2150E333-8FDC-42A3-9474-1A3956D46DE8}") = "InventoryManagementSystem", "InventoryManagementSystem", "{C7B90421-677F-F2FF-969A-CA3938165963}"
EndProject
Project("{2150E333-8FDC-42A3-9474-1A3956D46DE8}") = "PortfolioRebuild", "PortfolioRebuild", "{1D3CEA36-E172-ECCB-4CF2-7147C3452F23}"
EndProject
Project("{FAE04EC0-301F-11D3-BF4B-00C04F79EFBC}") = "InventoryAPI", "InventoryManagementSystem\InventoryAPI\InventoryAPI.csproj", "{AE968343-84D4-79B5-6AB4-791CDEABD21F}"
EndProject
Project("{FAE04EC0-301F-11D3-BF4B-00C04F79EFBC}") = "PortfolioBackend", "PortfolioRebuild\PortfolioBackend\PortfolioBackend.csproj", "{17B66712-B4AA-317D-D383-6E110E3AAFE3}"
EndProject
Project("{FAE04EC0-301F-11D3-BF4B-00C04F79EFBC}") = "TaskTrackerAPI.UnitTests", "TaskTrackerAPI.UnitTests\TaskTrackerAPI.UnitTests.csproj", "{59E225A0-9240-4228-9780-C05B3CC4BEA4}"
EndProject
Project("{FAE04EC0-301F-11D3-BF4B-00C04F79EFBC}") = "TaskTrackerAPI.ServiceTests", "TaskTrackerAPI.ServiceTests\TaskTrackerAPI.ServiceTests.csproj", "{F12F9299-3040-48DE-BD73-D66A8E0FC71D}"
EndProject
Project("{FAE04EC0-301F-11D3-BF4B-00C04F79EFBC}") = "TaskTrackerAPI.IntegrationTests", "TaskTrackerAPI.IntegrationTests\TaskTrackerAPI.IntegrationTests.csproj", "{53FA3324-E4BC-47EF-8AE6-D097D4F91E61}"
EndProject
Global
	GlobalSection(SolutionConfigurationPlatforms) = preSolution
		Debug|Any CPU = Debug|Any CPU
		Debug|x64 = Debug|x64
		Debug|x86 = Debug|x86
		Release|Any CPU = Release|Any CPU
		Release|x64 = Release|x64
		Release|x86 = Release|x86
	EndGlobalSection
	GlobalSection(ProjectConfigurationPlatforms) = postSolution
		{7661C022-221A-6E50-E4AA-77E4BE66652F}.Debug|Any CPU.ActiveCfg = Debug|Any CPU
		{7661C022-221A-6E50-E4AA-77E4BE66652F}.Debug|Any CPU.Build.0 = Debug|Any CPU
		{7661C022-221A-6E50-E4AA-77E4BE66652F}.Debug|x64.ActiveCfg = Debug|Any CPU
		{7661C022-221A-6E50-E4AA-77E4BE66652F}.Debug|x64.Build.0 = Debug|Any CPU
		{7661C022-221A-6E50-E4AA-77E4BE66652F}.Debug|x86.ActiveCfg = Debug|Any CPU
		{7661C022-221A-6E50-E4AA-77E4BE66652F}.Debug|x86.Build.0 = Debug|Any CPU
		{7661C022-221A-6E50-E4AA-77E4BE66652F}.Release|Any CPU.ActiveCfg = Release|Any CPU
		{7661C022-221A-6E50-E4AA-77E4BE66652F}.Release|Any CPU.Build.0 = Release|Any CPU
		{7661C022-221A-6E50-E4AA-77E4BE66652F}.Release|x64.ActiveCfg = Release|Any CPU
		{7661C022-221A-6E50-E4AA-77E4BE66652F}.Release|x64.Build.0 = Release|Any CPU
		{7661C022-221A-6E50-E4AA-77E4BE66652F}.Release|x86.ActiveCfg = Release|Any CPU
		{7661C022-221A-6E50-E4AA-77E4BE66652F}.Release|x86.Build.0 = Release|Any CPU
		{AE968343-84D4-79B5-6AB4-791CDEABD21F}.Debug|Any CPU.ActiveCfg = Debug|Any CPU
		{AE968343-84D4-79B5-6AB4-791CDEABD21F}.Debug|Any CPU.Build.0 = Debug|Any CPU
		{AE968343-84D4-79B5-6AB4-791CDEABD21F}.Debug|x64.ActiveCfg = Debug|Any CPU
		{AE968343-84D4-79B5-6AB4-791CDEABD21F}.Debug|x64.Build.0 = Debug|Any CPU
		{AE968343-84D4-79B5-6AB4-791CDEABD21F}.Debug|x86.ActiveCfg = Debug|Any CPU
		{AE968343-84D4-79B5-6AB4-791CDEABD21F}.Debug|x86.Build.0 = Debug|Any CPU
		{AE968343-84D4-79B5-6AB4-791CDEABD21F}.Release|Any CPU.ActiveCfg = Release|Any CPU
		{AE968343-84D4-79B5-6AB4-791CDEABD21F}.Release|Any CPU.Build.0 = Release|Any CPU
		{AE968343-84D4-79B5-6AB4-791CDEABD21F}.Release|x64.ActiveCfg = Release|Any CPU
		{AE968343-84D4-79B5-6AB4-791CDEABD21F}.Release|x64.Build.0 = Release|Any CPU
		{AE968343-84D4-79B5-6AB4-791CDEABD21F}.Release|x86.ActiveCfg = Release|Any CPU
		{AE968343-84D4-79B5-6AB4-791CDEABD21F}.Release|x86.Build.0 = Release|Any CPU
		{17B66712-B4AA-317D-D383-6E110E3AAFE3}.Debug|Any CPU.ActiveCfg = Debug|Any CPU
		{17B66712-B4AA-317D-D383-6E110E3AAFE3}.Debug|Any CPU.Build.0 = Debug|Any CPU
		{17B66712-B4AA-317D-D383-6E110E3AAFE3}.Debug|x64.ActiveCfg = Debug|Any CPU
		{17B66712-B4AA-317D-D383-6E110E3AAFE3}.Debug|x64.Build.0 = Debug|Any CPU
		{17B66712-B4AA-317D-D383-6E110E3AAFE3}.Debug|x86.ActiveCfg = Debug|Any CPU
		{17B66712-B4AA-317D-D383-6E110E3AAFE3}.Debug|x86.Build.0 = Debug|Any CPU
		{17B66712-B4AA-317D-D383-6E110E3AAFE3}.Release|Any CPU.ActiveCfg = Release|Any CPU
		{17B66712-B4AA-317D-D383-6E110E3AAFE3}.Release|Any CPU.Build.0 = Release|Any CPU
		{17B66712-B4AA-317D-D383-6E110E3AAFE3}.Release|x64.ActiveCfg = Release|Any CPU
		{17B66712-B4AA-317D-D383-6E110E3AAFE3}.Release|x64.Build.0 = Release|Any CPU
		{17B66712-B4AA-317D-D383-6E110E3AAFE3}.Release|x86.ActiveCfg = Release|Any CPU
		{17B66712-B4AA-317D-D383-6E110E3AAFE3}.Release|x86.Build.0 = Release|Any CPU
		{59E225A0-9240-4228-9780-C05B3CC4BEA4}.Debug|Any CPU.ActiveCfg = Debug|Any CPU
		{59E225A0-9240-4228-9780-C05B3CC4BEA4}.Debug|Any CPU.Build.0 = Debug|Any CPU
		{59E225A0-9240-4228-9780-C05B3CC4BEA4}.Debug|x64.ActiveCfg = Debug|Any CPU
		{59E225A0-9240-4228-9780-C05B3CC4BEA4}.Debug|x64.Build.0 = Debug|Any CPU
		{59E225A0-9240-4228-9780-C05B3CC4BEA4}.Debug|x86.ActiveCfg = Debug|Any CPU
		{59E225A0-9240-4228-9780-C05B3CC4BEA4}.Debug|x86.Build.0 = Debug|Any CPU
		{59E225A0-9240-4228-9780-C05B3CC4BEA4}.Release|Any CPU.ActiveCfg = Release|Any CPU
		{59E225A0-9240-4228-9780-C05B3CC4BEA4}.Release|Any CPU.Build.0 = Release|Any CPU
		{59E225A0-9240-4228-9780-C05B3CC4BEA4}.Release|x64.ActiveCfg = Release|Any CPU
		{59E225A0-9240-4228-9780-C05B3CC4BEA4}.Release|x64.Build.0 = Release|Any CPU
		{59E225A0-9240-4228-9780-C05B3CC4BEA4}.Release|x86.ActiveCfg = Release|Any CPU
		{59E225A0-9240-4228-9780-C05B3CC4BEA4}.Release|x86.Build.0 = Release|Any CPU
		{F12F9299-3040-48DE-BD73-D66A8E0FC71D}.Debug|Any CPU.ActiveCfg = Debug|Any CPU
		{F12F9299-3040-48DE-BD73-D66A8E0FC71D}.Debug|Any CPU.Build.0 = Debug|Any CPU
		{F12F9299-3040-48DE-BD73-D66A8E0FC71D}.Debug|x64.ActiveCfg = Debug|Any CPU
		{F12F9299-3040-48DE-BD73-D66A8E0FC71D}.Debug|x64.Build.0 = Debug|Any CPU
		{F12F9299-3040-48DE-BD73-D66A8E0FC71D}.Debug|x86.ActiveCfg = Debug|Any CPU
		{F12F9299-3040-48DE-BD73-D66A8E0FC71D}.Debug|x86.Build.0 = Debug|Any CPU
		{F12F9299-3040-48DE-BD73-D66A8E0FC71D}.Release|Any CPU.ActiveCfg = Release|Any CPU
		{F12F9299-3040-48DE-BD73-D66A8E0FC71D}.Release|Any CPU.Build.0 = Release|Any CPU
		{F12F9299-3040-48DE-BD73-D66A8E0FC71D}.Release|x64.ActiveCfg = Release|Any CPU
		{F12F9299-3040-48DE-BD73-D66A8E0FC71D}.Release|x64.Build.0 = Release|Any CPU
		{F12F9299-3040-48DE-BD73-D66A8E0FC71D}.Release|x86.ActiveCfg = Release|Any CPU
		{F12F9299-3040-48DE-BD73-D66A8E0FC71D}.Release|x86.Build.0 = Release|Any CPU
		{53FA3324-E4BC-47EF-8AE6-D097D4F91E61}.Debug|Any CPU.ActiveCfg = Debug|Any CPU
		{53FA3324-E4BC-47EF-8AE6-D097D4F91E61}.Debug|Any CPU.Build.0 = Debug|Any CPU
		{53FA3324-E4BC-47EF-8AE6-D097D4F91E61}.Debug|x64.ActiveCfg = Debug|Any CPU
		{53FA3324-E4BC-47EF-8AE6-D097D4F91E61}.Debug|x64.Build.0 = Debug|Any CPU
		{53FA3324-E4BC-47EF-8AE6-D097D4F91E61}.Debug|x86.ActiveCfg = Debug|Any CPU
		{53FA3324-E4BC-47EF-8AE6-D097D4F91E61}.Debug|x86.Build.0 = Debug|Any CPU
		{53FA3324-E4BC-47EF-8AE6-D097D4F91E61}.Release|Any CPU.ActiveCfg = Release|Any CPU
		{53FA3324-E4BC-47EF-8AE6-D097D4F91E61}.Release|Any CPU.Build.0 = Release|Any CPU
		{53FA3324-E4BC-47EF-8AE6-D097D4F91E61}.Release|x64.ActiveCfg = Release|Any CPU
		{53FA3324-E4BC-47EF-8AE6-D097D4F91E61}.Release|x64.Build.0 = Release|Any CPU
		{53FA3324-E4BC-47EF-8AE6-D097D4F91E61}.Release|x86.ActiveCfg = Release|Any CPU
		{53FA3324-E4BC-47EF-8AE6-D097D4F91E61}.Release|x86.Build.0 = Release|Any CPU
	EndGlobalSection
	GlobalSection(SolutionProperties) = preSolution
		HideSolutionNode = FALSE
	EndGlobalSection
	GlobalSection(NestedProjects) = preSolution
		{AE968343-84D4-79B5-6AB4-791CDEABD21F} = {C7B90421-677F-F2FF-969A-CA3938165963}
		{17B66712-B4AA-317D-D383-6E110E3AAFE3} = {1D3CEA36-E172-ECCB-4CF2-7147C3452F23}
	EndGlobalSection
	GlobalSection(ExtensibilityGlobals) = postSolution
		SolutionGuid = {CCC5C42F-E8C1-436E-9F4A-FC2E10398A70}
	EndGlobalSection
EndGlobal
